
Microsoft Visual Studio Solution File, Format Version 12.00
Project("{FAE04EC0-301F-11D3-BF4B-00C04F79EFBC}") = "WinFormsApp1", "WinFormsApp1\WinFormsApp1.csproj", "{28722D64-371A-4FAD-A811-C2DBEC20775C}"
EndProject
Global
	GlobalSection(SolutionConfigurationPlatforms) = preSolution
		Debug|Any CPU = Debug|Any CPU
		Release|Any CPU = Release|Any CPU
	EndGlobalSection
	GlobalSection(ProjectConfigurationPlatforms) = postSolution
		{28722D64-371A-4FAD-A811-C2DBEC20775C}.Debug|Any CPU.ActiveCfg = Debug|Any CPU
		{28722D64-371A-4FAD-A811-C2DBEC20775C}.Debug|Any CPU.Build.0 = Debug|Any CPU
		{28722D64-371A-4FAD-A811-C2DBEC20775C}.Release|Any CPU.ActiveCfg = Release|Any CPU
		{28722D64-371A-4FAD-A811-C2DBEC20775C}.Release|Any CPU.Build.0 = Release|Any CPU
	EndGlobalSection
EndGlobal
